
Microsoft Visual Studio Solution File, Format Version 12.00
# Visual Studio Version 17
VisualStudioVersion = 17.0.31903.59
MinimumVisualStudioVersion = 10.0.40219.1
Project("{2150E333-8FDC-42A3-9474-1A3956D46DE8}") = "src", "src", "{F5D8CB99-8CCB-4439-8E79-AD52B6280E23}"
EndProject
Project("{FAE04EC0-301F-11D3-BF4B-00C04F79EFBC}") = "OrderGenerator.Api", "src\OrderGenerator.Api\OrderGenerator.Api.csproj", "{8B9008D4-A924-47CD-81C9-4BE506CAD88C}"
EndProject
Project("{FAE04EC0-301F-11D3-BF4B-00C04F79EFBC}") = "OrderGenerator.Application", "src\OrderGenerator.Application\OrderGenerator.Application.csproj", "{594F2C5E-D8CF-435E-B6DA-85B7CCA4D8D0}"
EndProject
Project("{FAE04EC0-301F-11D3-BF4B-00C04F79EFBC}") = "OrderGenerator.Domain", "src\OrderGenerator.Domain\OrderGenerator.Domain.csproj", "{DEFEFB6B-FA81-473E-96C3-8B7F52C88FCD}"
EndProject
Project("{FAE04EC0-301F-11D3-BF4B-00C04F79EFBC}") = "OrderGenerator.Infrastructure", "src\OrderGenerator.Infrastructure\OrderGenerator.Infrastructure.csproj", "{F5C3C047-6578-4AB9-A704-8742BAFBB825}"
EndProject
Project("{2150E333-8FDC-42A3-9474-1A3956D46DE8}") = "tests", "tests", "{CB44FE8F-A70B-4E22-BE9D-E62968AABB19}"
EndProject
Project("{FAE04EC0-301F-11D3-BF4B-00C04F79EFBC}") = "OrderGenerator.Integration.Tests", "tests\OrderGenerator.Integration.Tests\OrderGenerator.Integration.Tests.csproj", "{EE02A4B8-4E39-4A63-A020-41981A7011A5}"
EndProject
Project("{FAE04EC0-301F-11D3-BF4B-00C04F79EFBC}") = "OrderGenerator.Unit.Tests", "tests\OrderGenerator.Unit.Tests\OrderGenerator.Unit.Tests.csproj", "{3DCAC370-E384-4D89-A0CD-CCD491F31030}"
EndProject
Global
	GlobalSection(SolutionConfigurationPlatforms) = preSolution
		Debug|Any CPU = Debug|Any CPU
		Release|Any CPU = Release|Any CPU
	EndGlobalSection
	GlobalSection(SolutionProperties) = preSolution
		HideSolutionNode = FALSE
	EndGlobalSection
	GlobalSection(ProjectConfigurationPlatforms) = postSolution
		{8B9008D4-A924-47CD-81C9-4BE506CAD88C}.Debug|Any CPU.ActiveCfg = Debug|Any CPU
		{8B9008D4-A924-47CD-81C9-4BE506CAD88C}.Debug|Any CPU.Build.0 = Debug|Any CPU
		{8B9008D4-A924-47CD-81C9-4BE506CAD88C}.Release|Any CPU.ActiveCfg = Release|Any CPU
		{8B9008D4-A924-47CD-81C9-4BE506CAD88C}.Release|Any CPU.Build.0 = Release|Any CPU
		{594F2C5E-D8CF-435E-B6DA-85B7CCA4D8D0}.Debug|Any CPU.ActiveCfg = Debug|Any CPU
		{594F2C5E-D8CF-435E-B6DA-85B7CCA4D8D0}.Debug|Any CPU.Build.0 = Debug|Any CPU
		{594F2C5E-D8CF-435E-B6DA-85B7CCA4D8D0}.Release|Any CPU.ActiveCfg = Release|Any CPU
		{594F2C5E-D8CF-435E-B6DA-85B7CCA4D8D0}.Release|Any CPU.Build.0 = Release|Any CPU
		{DEFEFB6B-FA81-473E-96C3-8B7F52C88FCD}.Debug|Any CPU.ActiveCfg = Debug|Any CPU
		{DEFEFB6B-FA81-473E-96C3-8B7F52C88FCD}.Debug|Any CPU.Build.0 = Debug|Any CPU
		{DEFEFB6B-FA81-473E-96C3-8B7F52C88FCD}.Release|Any CPU.ActiveCfg = Release|Any CPU
		{DEFEFB6B-FA81-473E-96C3-8B7F52C88FCD}.Release|Any CPU.Build.0 = Release|Any CPU
		{F5C3C047-6578-4AB9-A704-8742BAFBB825}.Debug|Any CPU.ActiveCfg = Debug|Any CPU
		{F5C3C047-6578-4AB9-A704-8742BAFBB825}.Debug|Any CPU.Build.0 = Debug|Any CPU
		{F5C3C047-6578-4AB9-A704-8742BAFBB825}.Release|Any CPU.ActiveCfg = Release|Any CPU
		{F5C3C047-6578-4AB9-A704-8742BAFBB825}.Release|Any CPU.Build.0 = Release|Any CPU
		{EE02A4B8-4E39-4A63-A020-41981A7011A5}.Debug|Any CPU.ActiveCfg = Debug|Any CPU
		{EE02A4B8-4E39-4A63-A020-41981A7011A5}.Debug|Any CPU.Build.0 = Debug|Any CPU
		{EE02A4B8-4E39-4A63-A020-41981A7011A5}.Release|Any CPU.ActiveCfg = Release|Any CPU
		{EE02A4B8-4E39-4A63-A020-41981A7011A5}.Release|Any CPU.Build.0 = Release|Any CPU
		{3DCAC370-E384-4D89-A0CD-CCD491F31030}.Debug|Any CPU.ActiveCfg = Debug|Any CPU
		{3DCAC370-E384-4D89-A0CD-CCD491F31030}.Debug|Any CPU.Build.0 = Debug|Any CPU
		{3DCAC370-E384-4D89-A0CD-CCD491F31030}.Release|Any CPU.ActiveCfg = Release|Any CPU
		{3DCAC370-E384-4D89-A0CD-CCD491F31030}.Release|Any CPU.Build.0 = Release|Any CPU
	EndGlobalSection
	GlobalSection(NestedProjects) = preSolution
		{8B9008D4-A924-47CD-81C9-4BE506CAD88C} = {F5D8CB99-8CCB-4439-8E79-AD52B6280E23}
		{594F2C5E-D8CF-435E-B6DA-85B7CCA4D8D0} = {F5D8CB99-8CCB-4439-8E79-AD52B6280E23}
		{DEFEFB6B-FA81-473E-96C3-8B7F52C88FCD} = {F5D8CB99-8CCB-4439-8E79-AD52B6280E23}
		{F5C3C047-6578-4AB9-A704-8742BAFBB825} = {F5D8CB99-8CCB-4439-8E79-AD52B6280E23}
		{EE02A4B8-4E39-4A63-A020-41981A7011A5} = {CB44FE8F-A70B-4E22-BE9D-E62968AABB19}
		{3DCAC370-E384-4D89-A0CD-CCD491F31030} = {CB44FE8F-A70B-4E22-BE9D-E62968AABB19}
	EndGlobalSection
EndGlobal
